{
    "name": "wmvm",
    "requires": true,
    "lockfileVersion": 1,
    "dependencies": {
        "binaryen": {
            "version": "51.0.0",
            "resolved": "https://registry.npmjs.org/binaryen/-/binaryen-51.0.0.tgz",
            "integrity": "sha512-Iop30WDVekq1MV2ygWHvL0mzSUQLH7m8VB3DHpU3MTdQoPj8LoRWK4U5b5nAlHLYYU1v/tIkdmiPrGgx8ANSfw=="
        }
    }
}
