{
    "name": "wmvm",
    "requires": true,
    "lockfileVersion": 1,
    "dependencies": {
        "binaryen": {
            "version": "51.0.0-nightly.20180924",
            "resolved": "https://registry.npmjs.org/binaryen/-/binaryen-51.0.0-nightly.20180924.tgz",
            "integrity": "sha512-9k6J6W1xmnvCDVFDdT6GPUqDvQHAE/oj2FXopii5nFs6Q9+HnOLUoJnTyoOgVPUF2TuplyuMcFbD/yNSca69lg=="
        }
    }
}
